// !$*UTF8*$!
{
	archiveVersion = 1;
	classes = {
	};
	objectVersion = 56;
	objects = {

/* Begin PBXBuildFile section */
		A70065D02AC4757F0010837F /* CoreData.swift in Sources */ = {isa = PBXBuildFile; fileRef = A70065CF2AC4757F0010837F /* CoreData.swift */; };
		A70065D12AC475810010837F /* CoreData.swift in Sources */ = {isa = PBXBuildFile; fileRef = A70065CF2AC4757F0010837F /* CoreData.swift */; };
		A70065D32AC475A60010837F /* Luminary.xcdatamodeld in Sources */ = {isa = PBXBuildFile; fileRef = A71C41882AC1CDF600858592 /* Luminary.xcdatamodeld */; };
		A70065D42AC475AA0010837F /* Luminary.xcdatamodeld in Sources */ = {isa = PBXBuildFile; fileRef = A71C41882AC1CDF600858592 /* Luminary.xcdatamodeld */; };
		A70065D52AC4B9850010837F /* Persistence.swift in Sources */ = {isa = PBXBuildFile; fileRef = A71C41862AC1CDF600858592 /* Persistence.swift */; };
		A70065DE2AC4FE220010837F /* QuotesHelper.swift in Sources */ = {isa = PBXBuildFile; fileRef = A70065DD2AC4FE220010837F /* QuotesHelper.swift */; };
		A70065DF2AC4FE220010837F /* QuotesHelper.swift in Sources */ = {isa = PBXBuildFile; fileRef = A70065DD2AC4FE220010837F /* QuotesHelper.swift */; };
		A70065E12AC59EEA0010837F /* EditQuoteView.swift in Sources */ = {isa = PBXBuildFile; fileRef = A70065E02AC59EEA0010837F /* EditQuoteView.swift */; };
		A70065E42AC5AA110010837F /* Colors.swift in Sources */ = {isa = PBXBuildFile; fileRef = A77511C22AC35AAF00547B2E /* Colors.swift */; };
		A70065E52AC5AA120010837F /* Colors.swift in Sources */ = {isa = PBXBuildFile; fileRef = A77511C22AC35AAF00547B2E /* Colors.swift */; };
		A703E3BA2AC3D7D000A26B31 /* Intents.framework in Frameworks */ = {isa = PBXBuildFile; fileRef = A703E3B92AC3D7D000A26B31 /* Intents.framework */; };
		A703E3BD2AC3D7D000A26B31 /* IntentHandler.swift in Sources */ = {isa = PBXBuildFile; fileRef = A703E3BC2AC3D7D000A26B31 /* IntentHandler.swift */; };
		A703E3C52AC3D7D000A26B31 /* IntentsUI.framework in Frameworks */ = {isa = PBXBuildFile; fileRef = A703E3C42AC3D7D000A26B31 /* IntentsUI.framework */; };
		A703E3C82AC3D7D000A26B31 /* IntentViewController.swift in Sources */ = {isa = PBXBuildFile; fileRef = A703E3C72AC3D7D000A26B31 /* IntentViewController.swift */; };
		A703E3CB2AC3D7D000A26B31 /* MainInterface.storyboard in Resources */ = {isa = PBXBuildFile; fileRef = A703E3C92AC3D7D000A26B31 /* MainInterface.storyboard */; };
		A703E3CF2AC3D7D000A26B31 /* LuminaryIntentsUI.appex in Embed Foundation Extensions */ = {isa = PBXBuildFile; fileRef = A703E3C32AC3D7D000A26B31 /* LuminaryIntentsUI.appex */; settings = {ATTRIBUTES = (RemoveHeadersOnCopy, ); }; };
		A703E3D22AC3D7D000A26B31 /* LuminaryIntents.appex in Embed Foundation Extensions */ = {isa = PBXBuildFile; fileRef = A703E3B72AC3D7D000A26B31 /* LuminaryIntents.appex */; settings = {ATTRIBUTES = (RemoveHeadersOnCopy, ); }; };
		A703E3DB2AC3D8AA00A26B31 /* Intents.intentdefinition in Sources */ = {isa = PBXBuildFile; fileRef = A703E3DA2AC3D8AA00A26B31 /* Intents.intentdefinition */; };
		A703E3DC2AC3D8AA00A26B31 /* Intents.intentdefinition in Sources */ = {isa = PBXBuildFile; fileRef = A703E3DA2AC3D8AA00A26B31 /* Intents.intentdefinition */; };
		A703E3DE2AC4518C00A26B31 /* QuoteIntentHandler.swift in Sources */ = {isa = PBXBuildFile; fileRef = A703E3DD2AC4518C00A26B31 /* QuoteIntentHandler.swift */; };
		A703E3DF2AC4518C00A26B31 /* QuoteIntentHandler.swift in Sources */ = {isa = PBXBuildFile; fileRef = A703E3DD2AC4518C00A26B31 /* QuoteIntentHandler.swift */; };
		A703E3E12AC4536300A26B31 /* AppIntent.swift in Sources */ = {isa = PBXBuildFile; fileRef = A703E3E02AC4536300A26B31 /* AppIntent.swift */; };
		A703E3E22AC4536300A26B31 /* AppIntent.swift in Sources */ = {isa = PBXBuildFile; fileRef = A703E3E02AC4536300A26B31 /* AppIntent.swift */; };
		A71098D22AC7056D00E0E517 /* WidgetKit.framework in Frameworks */ = {isa = PBXBuildFile; fileRef = A71098D12AC7056D00E0E517 /* WidgetKit.framework */; };
		A71098D42AC7056D00E0E517 /* SwiftUI.framework in Frameworks */ = {isa = PBXBuildFile; fileRef = A71098D32AC7056D00E0E517 /* SwiftUI.framework */; };
		A71098D72AC7056D00E0E517 /* LuminaryWidgetBundle.swift in Sources */ = {isa = PBXBuildFile; fileRef = A71098D62AC7056D00E0E517 /* LuminaryWidgetBundle.swift */; };
		A71098D92AC7056D00E0E517 /* LuminaryWidgetLiveActivity.swift in Sources */ = {isa = PBXBuildFile; fileRef = A71098D82AC7056D00E0E517 /* LuminaryWidgetLiveActivity.swift */; };
		A71098DB2AC7056D00E0E517 /* LuminaryWidget.swift in Sources */ = {isa = PBXBuildFile; fileRef = A71098DA2AC7056D00E0E517 /* LuminaryWidget.swift */; };
		A71098DE2AC7056E00E0E517 /* Assets.xcassets in Resources */ = {isa = PBXBuildFile; fileRef = A71098DD2AC7056E00E0E517 /* Assets.xcassets */; };
		A71098E02AC7056E00E0E517 /* LuminaryWidget.intentdefinition in Sources */ = {isa = PBXBuildFile; fileRef = A71098DC2AC7056D00E0E517 /* LuminaryWidget.intentdefinition */; };
		A71098E12AC7056E00E0E517 /* LuminaryWidget.intentdefinition in Sources */ = {isa = PBXBuildFile; fileRef = A71098DC2AC7056D00E0E517 /* LuminaryWidget.intentdefinition */; };
		A71098E42AC7056E00E0E517 /* LuminaryWidgetExtension.appex in Embed Foundation Extensions */ = {isa = PBXBuildFile; fileRef = A71098D02AC7056D00E0E517 /* LuminaryWidgetExtension.appex */; settings = {ATTRIBUTES = (RemoveHeadersOnCopy, ); }; };
		A71098E92AC705F400E0E517 /* Assets.xcassets in Resources */ = {isa = PBXBuildFile; fileRef = A71C41812AC1CDF600858592 /* Assets.xcassets */; };
		A71098EA2AC7060400E0E517 /* QuotesHelper.swift in Sources */ = {isa = PBXBuildFile; fileRef = A70065DD2AC4FE220010837F /* QuotesHelper.swift */; };
		A71098EB2AC7061400E0E517 /* Colors.swift in Sources */ = {isa = PBXBuildFile; fileRef = A77511C22AC35AAF00547B2E /* Colors.swift */; };
		A71098EC2AC7082A00E0E517 /* Baskervville-Regular.ttf in Resources */ = {isa = PBXBuildFile; fileRef = A77511C72AC3633200547B2E /* Baskervville-Regular.ttf */; };
		A71098EE2AC70AAF00E0E517 /* QuoteIntent.swift in Sources */ = {isa = PBXBuildFile; fileRef = A71098ED2AC70AAF00E0E517 /* QuoteIntent.swift */; };
		A71098F02AC70B9E00E0E517 /* LuminaryShortcuts.swift in Sources */ = {isa = PBXBuildFile; fileRef = A71098EF2AC70B9E00E0E517 /* LuminaryShortcuts.swift */; };
		A71098F22AC7124B00E0E517 /* LibreBaskerville-Bold.ttf in Resources */ = {isa = PBXBuildFile; fileRef = A71098F12AC7124B00E0E517 /* LibreBaskerville-Bold.ttf */; };
		A71098F62AC716BD00E0E517 /* Luminary.xcdatamodeld in Sources */ = {isa = PBXBuildFile; fileRef = A71C41882AC1CDF600858592 /* Luminary.xcdatamodeld */; };
		A71098F72AC716C400E0E517 /* CoreData.swift in Sources */ = {isa = PBXBuildFile; fileRef = A70065CF2AC4757F0010837F /* CoreData.swift */; };
		A71C417E2AC1CDF500858592 /* LuminaryApp.swift in Sources */ = {isa = PBXBuildFile; fileRef = A71C417D2AC1CDF500858592 /* LuminaryApp.swift */; };
		A71C41802AC1CDF500858592 /* ContentView.swift in Sources */ = {isa = PBXBuildFile; fileRef = A71C417F2AC1CDF500858592 /* ContentView.swift */; };
		A71C41822AC1CDF600858592 /* Assets.xcassets in Resources */ = {isa = PBXBuildFile; fileRef = A71C41812AC1CDF600858592 /* Assets.xcassets */; };
		A71C41852AC1CDF600858592 /* Preview Assets.xcassets in Resources */ = {isa = PBXBuildFile; fileRef = A71C41842AC1CDF600858592 /* Preview Assets.xcassets */; };
		A71C41872AC1CDF600858592 /* Persistence.swift in Sources */ = {isa = PBXBuildFile; fileRef = A71C41862AC1CDF600858592 /* Persistence.swift */; };
		A71C418A2AC1CDF600858592 /* Luminary.xcdatamodeld in Sources */ = {isa = PBXBuildFile; fileRef = A71C41882AC1CDF600858592 /* Luminary.xcdatamodeld */; };
		A71C41912AC1E4BF00858592 /* AddQuoteView.swift in Sources */ = {isa = PBXBuildFile; fileRef = A71C41902AC1E4BF00858592 /* AddQuoteView.swift */; };
		A77511C32AC35AAF00547B2E /* Colors.swift in Sources */ = {isa = PBXBuildFile; fileRef = A77511C22AC35AAF00547B2E /* Colors.swift */; };
		A77511C52AC3615800547B2E /* DMSerifDisplay-Regular.ttf in Resources */ = {isa = PBXBuildFile; fileRef = A77511C42AC3615800547B2E /* DMSerifDisplay-Regular.ttf */; };
		A77511C82AC3633200547B2E /* Baskervville-Regular.ttf in Resources */ = {isa = PBXBuildFile; fileRef = A77511C72AC3633200547B2E /* Baskervville-Regular.ttf */; };
		A78818702AD78B9700CDA7AE /* WidgetExtension.swift in Sources */ = {isa = PBXBuildFile; fileRef = A788186F2AD78B9700CDA7AE /* WidgetExtension.swift */; };
		A78818712AD78C6D00CDA7AE /* WidgetExtension.swift in Sources */ = {isa = PBXBuildFile; fileRef = A788186F2AD78B9700CDA7AE /* WidgetExtension.swift */; };
		A7F2B3CE2AD7484300A5B835 /* Fonts.swift in Sources */ = {isa = PBXBuildFile; fileRef = A7F2B3CD2AD7484300A5B835 /* Fonts.swift */; };
		A7F2B3CF2AD7484300A5B835 /* Fonts.swift in Sources */ = {isa = PBXBuildFile; fileRef = A7F2B3CD2AD7484300A5B835 /* Fonts.swift */; };
		A7F2B3D42AD74FAC00A5B835 /* String.swift in Sources */ = {isa = PBXBuildFile; fileRef = A7F2B3D32AD74FAC00A5B835 /* String.swift */; };
		A7F2B3D52AD74FAC00A5B835 /* String.swift in Sources */ = {isa = PBXBuildFile; fileRef = A7F2B3D32AD74FAC00A5B835 /* String.swift */; };
/* End PBXBuildFile section */

/* Begin PBXContainerItemProxy section */
		A703E3CD2AC3D7D000A26B31 /* PBXContainerItemProxy */ = {
			isa = PBXContainerItemProxy;
			containerPortal = A71C41722AC1CDF500858592 /* Project object */;
			proxyType = 1;
			remoteGlobalIDString = A703E3C22AC3D7D000A26B31;
			remoteInfo = LuminaryIntentsUI;
		};
		A703E3D02AC3D7D000A26B31 /* PBXContainerItemProxy */ = {
			isa = PBXContainerItemProxy;
			containerPortal = A71C41722AC1CDF500858592 /* Project object */;
			proxyType = 1;
			remoteGlobalIDString = A703E3B62AC3D7D000A26B31;
			remoteInfo = LuminaryIntents;
		};
		A71098E22AC7056E00E0E517 /* PBXContainerItemProxy */ = {
			isa = PBXContainerItemProxy;
			containerPortal = A71C41722AC1CDF500858592 /* Project object */;
			proxyType = 1;
			remoteGlobalIDString = A71098CF2AC7056D00E0E517;
			remoteInfo = LuminaryWidgetExtension;
		};
/* End PBXContainerItemProxy section */

/* Begin PBXCopyFilesBuildPhase section */
		A703E3D92AC3D7D000A26B31 /* Embed Foundation Extensions */ = {
			isa = PBXCopyFilesBuildPhase;
			buildActionMask = 2147483647;
			dstPath = "";
			dstSubfolderSpec = 13;
			files = (
				A703E3CF2AC3D7D000A26B31 /* LuminaryIntentsUI.appex in Embed Foundation Extensions */,
				A71098E42AC7056E00E0E517 /* LuminaryWidgetExtension.appex in Embed Foundation Extensions */,
				A703E3D22AC3D7D000A26B31 /* LuminaryIntents.appex in Embed Foundation Extensions */,
			);
			name = "Embed Foundation Extensions";
			runOnlyForDeploymentPostprocessing = 0;
		};
/* End PBXCopyFilesBuildPhase section */

/* Begin PBXFileReference section */
		A70065C52AC474260010837F /* LuminaryIntents.entitlements */ = {isa = PBXFileReference; lastKnownFileType = text.plist.entitlements; path = LuminaryIntents.entitlements; sourceTree = "<group>"; };
		A70065C62AC4742E0010837F /* LuminaryIntentsUI.entitlements */ = {isa = PBXFileReference; lastKnownFileType = text.plist.entitlements; path = LuminaryIntentsUI.entitlements; sourceTree = "<group>"; };
		A70065CF2AC4757F0010837F /* CoreData.swift */ = {isa = PBXFileReference; lastKnownFileType = sourcecode.swift; path = CoreData.swift; sourceTree = "<group>"; };
		A70065DD2AC4FE220010837F /* QuotesHelper.swift */ = {isa = PBXFileReference; lastKnownFileType = sourcecode.swift; path = QuotesHelper.swift; sourceTree = "<group>"; };
		A70065E02AC59EEA0010837F /* EditQuoteView.swift */ = {isa = PBXFileReference; lastKnownFileType = sourcecode.swift; path = EditQuoteView.swift; sourceTree = "<group>"; };
		A703E3B22AC3D70200A26B31 /* Luminary.entitlements */ = {isa = PBXFileReference; lastKnownFileType = text.plist.entitlements; path = Luminary.entitlements; sourceTree = "<group>"; };
		A703E3B72AC3D7D000A26B31 /* LuminaryIntents.appex */ = {isa = PBXFileReference; explicitFileType = "wrapper.app-extension"; includeInIndex = 0; path = LuminaryIntents.appex; sourceTree = BUILT_PRODUCTS_DIR; };
		A703E3B92AC3D7D000A26B31 /* Intents.framework */ = {isa = PBXFileReference; lastKnownFileType = wrapper.framework; name = Intents.framework; path = System/Library/Frameworks/Intents.framework; sourceTree = SDKROOT; };
		A703E3BC2AC3D7D000A26B31 /* IntentHandler.swift */ = {isa = PBXFileReference; lastKnownFileType = sourcecode.swift; path = IntentHandler.swift; sourceTree = "<group>"; };
		A703E3BE2AC3D7D000A26B31 /* Info.plist */ = {isa = PBXFileReference; lastKnownFileType = text.plist.xml; path = Info.plist; sourceTree = "<group>"; };
		A703E3C32AC3D7D000A26B31 /* LuminaryIntentsUI.appex */ = {isa = PBXFileReference; explicitFileType = "wrapper.app-extension"; includeInIndex = 0; path = LuminaryIntentsUI.appex; sourceTree = BUILT_PRODUCTS_DIR; };
		A703E3C42AC3D7D000A26B31 /* IntentsUI.framework */ = {isa = PBXFileReference; lastKnownFileType = wrapper.framework; name = IntentsUI.framework; path = System/Library/Frameworks/IntentsUI.framework; sourceTree = SDKROOT; };
		A703E3C72AC3D7D000A26B31 /* IntentViewController.swift */ = {isa = PBXFileReference; lastKnownFileType = sourcecode.swift; path = IntentViewController.swift; sourceTree = "<group>"; };
		A703E3CA2AC3D7D000A26B31 /* Base */ = {isa = PBXFileReference; lastKnownFileType = file.storyboard; name = Base; path = Base.lproj/MainInterface.storyboard; sourceTree = "<group>"; };
		A703E3CC2AC3D7D000A26B31 /* Info.plist */ = {isa = PBXFileReference; lastKnownFileType = text.plist.xml; path = Info.plist; sourceTree = "<group>"; };
		A703E3DA2AC3D8AA00A26B31 /* Intents.intentdefinition */ = {isa = PBXFileReference; lastKnownFileType = file.intentdefinition; path = Intents.intentdefinition; sourceTree = "<group>"; };
		A703E3DD2AC4518C00A26B31 /* QuoteIntentHandler.swift */ = {isa = PBXFileReference; lastKnownFileType = sourcecode.swift; path = QuoteIntentHandler.swift; sourceTree = "<group>"; };
		A703E3E02AC4536300A26B31 /* AppIntent.swift */ = {isa = PBXFileReference; lastKnownFileType = sourcecode.swift; path = AppIntent.swift; sourceTree = "<group>"; };
		A71098D02AC7056D00E0E517 /* LuminaryWidgetExtension.appex */ = {isa = PBXFileReference; explicitFileType = "wrapper.app-extension"; includeInIndex = 0; path = LuminaryWidgetExtension.appex; sourceTree = BUILT_PRODUCTS_DIR; };
		A71098D12AC7056D00E0E517 /* WidgetKit.framework */ = {isa = PBXFileReference; lastKnownFileType = wrapper.framework; name = WidgetKit.framework; path = System/Library/Frameworks/WidgetKit.framework; sourceTree = SDKROOT; };
		A71098D32AC7056D00E0E517 /* SwiftUI.framework */ = {isa = PBXFileReference; lastKnownFileType = wrapper.framework; name = SwiftUI.framework; path = System/Library/Frameworks/SwiftUI.framework; sourceTree = SDKROOT; };
		A71098D62AC7056D00E0E517 /* LuminaryWidgetBundle.swift */ = {isa = PBXFileReference; lastKnownFileType = sourcecode.swift; path = LuminaryWidgetBundle.swift; sourceTree = "<group>"; };
		A71098D82AC7056D00E0E517 /* LuminaryWidgetLiveActivity.swift */ = {isa = PBXFileReference; lastKnownFileType = sourcecode.swift; path = LuminaryWidgetLiveActivity.swift; sourceTree = "<group>"; };
		A71098DA2AC7056D00E0E517 /* LuminaryWidget.swift */ = {isa = PBXFileReference; lastKnownFileType = sourcecode.swift; path = LuminaryWidget.swift; sourceTree = "<group>"; };
		A71098DC2AC7056D00E0E517 /* LuminaryWidget.intentdefinition */ = {isa = PBXFileReference; lastKnownFileType = file.intentdefinition; path = LuminaryWidget.intentdefinition; sourceTree = "<group>"; };
		A71098DD2AC7056E00E0E517 /* Assets.xcassets */ = {isa = PBXFileReference; lastKnownFileType = folder.assetcatalog; path = Assets.xcassets; sourceTree = "<group>"; };
		A71098DF2AC7056E00E0E517 /* Info.plist */ = {isa = PBXFileReference; lastKnownFileType = text.plist.xml; path = Info.plist; sourceTree = "<group>"; };
		A71098E82AC7059000E0E517 /* LuminaryWidgetExtension.entitlements */ = {isa = PBXFileReference; lastKnownFileType = text.plist.entitlements; path = LuminaryWidgetExtension.entitlements; sourceTree = SOURCE_ROOT; };
		A71098ED2AC70AAF00E0E517 /* QuoteIntent.swift */ = {isa = PBXFileReference; lastKnownFileType = sourcecode.swift; path = QuoteIntent.swift; sourceTree = "<group>"; };
		A71098EF2AC70B9E00E0E517 /* LuminaryShortcuts.swift */ = {isa = PBXFileReference; lastKnownFileType = sourcecode.swift; path = LuminaryShortcuts.swift; sourceTree = "<group>"; };
		A71098F12AC7124B00E0E517 /* LibreBaskerville-Bold.ttf */ = {isa = PBXFileReference; lastKnownFileType = file; path = "LibreBaskerville-Bold.ttf"; sourceTree = "<group>"; };
		A71C417A2AC1CDF500858592 /* Luminary.app */ = {isa = PBXFileReference; explicitFileType = wrapper.application; includeInIndex = 0; path = Luminary.app; sourceTree = BUILT_PRODUCTS_DIR; };
		A71C417D2AC1CDF500858592 /* LuminaryApp.swift */ = {isa = PBXFileReference; lastKnownFileType = sourcecode.swift; path = LuminaryApp.swift; sourceTree = "<group>"; };
		A71C417F2AC1CDF500858592 /* ContentView.swift */ = {isa = PBXFileReference; lastKnownFileType = sourcecode.swift; path = ContentView.swift; sourceTree = "<group>"; };
		A71C41812AC1CDF600858592 /* Assets.xcassets */ = {isa = PBXFileReference; lastKnownFileType = folder.assetcatalog; path = Assets.xcassets; sourceTree = "<group>"; };
		A71C41842AC1CDF600858592 /* Preview Assets.xcassets */ = {isa = PBXFileReference; lastKnownFileType = folder.assetcatalog; path = "Preview Assets.xcassets"; sourceTree = "<group>"; };
		A71C41862AC1CDF600858592 /* Persistence.swift */ = {isa = PBXFileReference; lastKnownFileType = sourcecode.swift; path = Persistence.swift; sourceTree = "<group>"; };
		A71C41892AC1CDF600858592 /* Luminary.xcdatamodel */ = {isa = PBXFileReference; lastKnownFileType = wrapper.xcdatamodel; path = Luminary.xcdatamodel; sourceTree = "<group>"; };
		A71C41902AC1E4BF00858592 /* AddQuoteView.swift */ = {isa = PBXFileReference; lastKnownFileType = sourcecode.swift; path = AddQuoteView.swift; sourceTree = "<group>"; };
		A77511C22AC35AAF00547B2E /* Colors.swift */ = {isa = PBXFileReference; lastKnownFileType = sourcecode.swift; path = Colors.swift; sourceTree = "<group>"; };
		A77511C42AC3615800547B2E /* DMSerifDisplay-Regular.ttf */ = {isa = PBXFileReference; lastKnownFileType = file; path = "DMSerifDisplay-Regular.ttf"; sourceTree = "<group>"; };
		A77511C62AC3618A00547B2E /* Info.plist */ = {isa = PBXFileReference; lastKnownFileType = text.plist; path = Info.plist; sourceTree = "<group>"; };
		A77511C72AC3633200547B2E /* Baskervville-Regular.ttf */ = {isa = PBXFileReference; lastKnownFileType = file; path = "Baskervville-Regular.ttf"; sourceTree = "<group>"; };
		A788186F2AD78B9700CDA7AE /* WidgetExtension.swift */ = {isa = PBXFileReference; lastKnownFileType = sourcecode.swift; path = WidgetExtension.swift; sourceTree = "<group>"; };
		A7F2B3CD2AD7484300A5B835 /* Fonts.swift */ = {isa = PBXFileReference; lastKnownFileType = sourcecode.swift; path = Fonts.swift; sourceTree = "<group>"; };
		A7F2B3D32AD74FAC00A5B835 /* String.swift */ = {isa = PBXFileReference; lastKnownFileType = sourcecode.swift; path = String.swift; sourceTree = "<group>"; };
/* End PBXFileReference section */

/* Begin PBXFrameworksBuildPhase section */
		A703E3B42AC3D7D000A26B31 /* Frameworks */ = {
			isa = PBXFrameworksBuildPhase;
			buildActionMask = 2147483647;
			files = (
				A703E3BA2AC3D7D000A26B31 /* Intents.framework in Frameworks */,
			);
			runOnlyForDeploymentPostprocessing = 0;
		};
		A703E3C02AC3D7D000A26B31 /* Frameworks */ = {
			isa = PBXFrameworksBuildPhase;
			buildActionMask = 2147483647;
			files = (
				A703E3C52AC3D7D000A26B31 /* IntentsUI.framework in Frameworks */,
			);
			runOnlyForDeploymentPostprocessing = 0;
		};
		A71098CD2AC7056D00E0E517 /* Frameworks */ = {
			isa = PBXFrameworksBuildPhase;
			buildActionMask = 2147483647;
			files = (
				A71098D42AC7056D00E0E517 /* SwiftUI.framework in Frameworks */,
				A71098D22AC7056D00E0E517 /* WidgetKit.framework in Frameworks */,
			);
			runOnlyForDeploymentPostprocessing = 0;
		};
		A71C41772AC1CDF500858592 /* Frameworks */ = {
			isa = PBXFrameworksBuildPhase;
			buildActionMask = 2147483647;
			files = (
			);
			runOnlyForDeploymentPostprocessing = 0;
		};
/* End PBXFrameworksBuildPhase section */

/* Begin PBXGroup section */
		A703E3B82AC3D7D000A26B31 /* Frameworks */ = {
			isa = PBXGroup;
			children = (
				A703E3B92AC3D7D000A26B31 /* Intents.framework */,
				A703E3C42AC3D7D000A26B31 /* IntentsUI.framework */,
				A71098D12AC7056D00E0E517 /* WidgetKit.framework */,
				A71098D32AC7056D00E0E517 /* SwiftUI.framework */,
			);
			name = Frameworks;
			sourceTree = "<group>";
		};
		A703E3BB2AC3D7D000A26B31 /* LuminaryIntents */ = {
			isa = PBXGroup;
			children = (
				A70065C52AC474260010837F /* LuminaryIntents.entitlements */,
				A703E3BC2AC3D7D000A26B31 /* IntentHandler.swift */,
				A703E3BE2AC3D7D000A26B31 /* Info.plist */,
				A703E3DA2AC3D8AA00A26B31 /* Intents.intentdefinition */,
				A703E3DD2AC4518C00A26B31 /* QuoteIntentHandler.swift */,
			);
			path = LuminaryIntents;
			sourceTree = "<group>";
		};
		A703E3C62AC3D7D000A26B31 /* LuminaryIntentsUI */ = {
			isa = PBXGroup;
			children = (
				A70065C62AC4742E0010837F /* LuminaryIntentsUI.entitlements */,
				A703E3C72AC3D7D000A26B31 /* IntentViewController.swift */,
				A703E3C92AC3D7D000A26B31 /* MainInterface.storyboard */,
				A703E3CC2AC3D7D000A26B31 /* Info.plist */,
			);
			path = LuminaryIntentsUI;
			sourceTree = "<group>";
		};
		A71098D52AC7056D00E0E517 /* LuminaryWidget */ = {
			isa = PBXGroup;
			children = (
				A71098D62AC7056D00E0E517 /* LuminaryWidgetBundle.swift */,
				A71098D82AC7056D00E0E517 /* LuminaryWidgetLiveActivity.swift */,
				A71098DA2AC7056D00E0E517 /* LuminaryWidget.swift */,
				A71098DC2AC7056D00E0E517 /* LuminaryWidget.intentdefinition */,
				A71098DD2AC7056E00E0E517 /* Assets.xcassets */,
				A71098DF2AC7056E00E0E517 /* Info.plist */,
				A788186F2AD78B9700CDA7AE /* WidgetExtension.swift */,
			);
			path = LuminaryWidget;
			sourceTree = "<group>";
		};
		A71C41712AC1CDF500858592 = {
			isa = PBXGroup;
			children = (
				A71098E82AC7059000E0E517 /* LuminaryWidgetExtension.entitlements */,
				A71C417C2AC1CDF500858592 /* Luminary */,
				A703E3BB2AC3D7D000A26B31 /* LuminaryIntents */,
				A703E3C62AC3D7D000A26B31 /* LuminaryIntentsUI */,
				A71098D52AC7056D00E0E517 /* LuminaryWidget */,
				A703E3B82AC3D7D000A26B31 /* Frameworks */,
				A71C417B2AC1CDF500858592 /* Products */,
			);
			sourceTree = "<group>";
		};
		A71C417B2AC1CDF500858592 /* Products */ = {
			isa = PBXGroup;
			children = (
				A71C417A2AC1CDF500858592 /* Luminary.app */,
				A703E3B72AC3D7D000A26B31 /* LuminaryIntents.appex */,
				A703E3C32AC3D7D000A26B31 /* LuminaryIntentsUI.appex */,
				A71098D02AC7056D00E0E517 /* LuminaryWidgetExtension.appex */,
			);
			name = Products;
			sourceTree = "<group>";
		};
		A71C417C2AC1CDF500858592 /* Luminary */ = {
			isa = PBXGroup;
			children = (
				A71C417D2AC1CDF500858592 /* LuminaryApp.swift */,
				A7F2B3D22AD74F9800A5B835 /* Extensions */,
				A7F2B3D12AD74B6600A5B835 /* Views */,
				A7F2B3D02AD74B5000A5B835 /* Manager */,
				A7F2B3CC2AD747C300A5B835 /* Fonts */,
				A71098ED2AC70AAF00E0E517 /* QuoteIntent.swift */,
				A71098EF2AC70B9E00E0E517 /* LuminaryShortcuts.swift */,
				A703E3B22AC3D70200A26B31 /* Luminary.entitlements */,
				A77511C62AC3618A00547B2E /* Info.plist */,
				A71C41812AC1CDF600858592 /* Assets.xcassets */,
				A71C41882AC1CDF600858592 /* Luminary.xcdatamodeld */,
				A71C41832AC1CDF600858592 /* Preview Content */,
				A77511C22AC35AAF00547B2E /* Colors.swift */,
				A703E3E02AC4536300A26B31 /* AppIntent.swift */,
			);
			path = Luminary;
			sourceTree = "<group>";
		};
		A71C41832AC1CDF600858592 /* Preview Content */ = {
			isa = PBXGroup;
			children = (
				A71C41842AC1CDF600858592 /* Preview Assets.xcassets */,
			);
			path = "Preview Content";
			sourceTree = "<group>";
		};
		A7F2B3CC2AD747C300A5B835 /* Fonts */ = {
			isa = PBXGroup;
			children = (
				A71098F12AC7124B00E0E517 /* LibreBaskerville-Bold.ttf */,
				A77511C42AC3615800547B2E /* DMSerifDisplay-Regular.ttf */,
				A77511C72AC3633200547B2E /* Baskervville-Regular.ttf */,
				A7F2B3CD2AD7484300A5B835 /* Fonts.swift */,
			);
			path = Fonts;
			sourceTree = "<group>";
		};
		A7F2B3D02AD74B5000A5B835 /* Manager */ = {
			isa = PBXGroup;
			children = (
				A70065CF2AC4757F0010837F /* CoreData.swift */,
				A71C41862AC1CDF600858592 /* Persistence.swift */,
				A70065DD2AC4FE220010837F /* QuotesHelper.swift */,
			);
			path = Manager;
			sourceTree = "<group>";
		};
		A7F2B3D12AD74B6600A5B835 /* Views */ = {
			isa = PBXGroup;
			children = (
				A71C417F2AC1CDF500858592 /* ContentView.swift */,
				A71C41902AC1E4BF00858592 /* AddQuoteView.swift */,
				A70065E02AC59EEA0010837F /* EditQuoteView.swift */,
			);
			path = Views;
			sourceTree = "<group>";
		};
		A7F2B3D22AD74F9800A5B835 /* Extensions */ = {
			isa = PBXGroup;
			children = (
				A7F2B3D32AD74FAC00A5B835 /* String.swift */,
			);
			path = Extensions;
			sourceTree = "<group>";
		};
/* End PBXGroup section */

/* Begin PBXNativeTarget section */
		A703E3B62AC3D7D000A26B31 /* LuminaryIntents */ = {
			isa = PBXNativeTarget;
			buildConfigurationList = A703E3D62AC3D7D000A26B31 /* Build configuration list for PBXNativeTarget "LuminaryIntents" */;
			buildPhases = (
				A703E3B32AC3D7D000A26B31 /* Sources */,
				A703E3B42AC3D7D000A26B31 /* Frameworks */,
				A703E3B52AC3D7D000A26B31 /* Resources */,
			);
			buildRules = (
			);
			dependencies = (
			);
			name = LuminaryIntents;
			productName = LuminaryIntents;
			productReference = A703E3B72AC3D7D000A26B31 /* LuminaryIntents.appex */;
			productType = "com.apple.product-type.app-extension";
		};
		A703E3C22AC3D7D000A26B31 /* LuminaryIntentsUI */ = {
			isa = PBXNativeTarget;
			buildConfigurationList = A703E3D32AC3D7D000A26B31 /* Build configuration list for PBXNativeTarget "LuminaryIntentsUI" */;
			buildPhases = (
				A703E3BF2AC3D7D000A26B31 /* Sources */,
				A703E3C02AC3D7D000A26B31 /* Frameworks */,
				A703E3C12AC3D7D000A26B31 /* Resources */,
			);
			buildRules = (
			);
			dependencies = (
			);
			name = LuminaryIntentsUI;
			productName = LuminaryIntentsUI;
			productReference = A703E3C32AC3D7D000A26B31 /* LuminaryIntentsUI.appex */;
			productType = "com.apple.product-type.app-extension";
		};
		A71098CF2AC7056D00E0E517 /* LuminaryWidgetExtension */ = {
			isa = PBXNativeTarget;
			buildConfigurationList = A71098E72AC7056E00E0E517 /* Build configuration list for PBXNativeTarget "LuminaryWidgetExtension" */;
			buildPhases = (
				A71098CC2AC7056D00E0E517 /* Sources */,
				A71098CD2AC7056D00E0E517 /* Frameworks */,
				A71098CE2AC7056D00E0E517 /* Resources */,
			);
			buildRules = (
			);
			dependencies = (
			);
			name = LuminaryWidgetExtension;
			productName = LuminaryWidgetExtension;
			productReference = A71098D02AC7056D00E0E517 /* LuminaryWidgetExtension.appex */;
			productType = "com.apple.product-type.app-extension";
		};
		A71C41792AC1CDF500858592 /* Luminary */ = {
			isa = PBXNativeTarget;
			buildConfigurationList = A71C418D2AC1CDF600858592 /* Build configuration list for PBXNativeTarget "Luminary" */;
			buildPhases = (
				A71C41762AC1CDF500858592 /* Sources */,
				A71C41772AC1CDF500858592 /* Frameworks */,
				A71C41782AC1CDF500858592 /* Resources */,
				A703E3D92AC3D7D000A26B31 /* Embed Foundation Extensions */,
			);
			buildRules = (
			);
			dependencies = (
				A703E3CE2AC3D7D000A26B31 /* PBXTargetDependency */,
				A703E3D12AC3D7D000A26B31 /* PBXTargetDependency */,
				A71098E32AC7056E00E0E517 /* PBXTargetDependency */,
			);
			name = Luminary;
			productName = Luminary;
			productReference = A71C417A2AC1CDF500858592 /* Luminary.app */;
			productType = "com.apple.product-type.application";
		};
/* End PBXNativeTarget section */

/* Begin PBXProject section */
		A71C41722AC1CDF500858592 /* Project object */ = {
			isa = PBXProject;
			attributes = {
				BuildIndependentTargetsInParallel = 1;
				LastSwiftUpdateCheck = 1430;
				LastUpgradeCheck = 1430;
				TargetAttributes = {
					A703E3B62AC3D7D000A26B31 = {
						CreatedOnToolsVersion = 14.3;
					};
					A703E3C22AC3D7D000A26B31 = {
						CreatedOnToolsVersion = 14.3;
					};
					A71098CF2AC7056D00E0E517 = {
						CreatedOnToolsVersion = 14.3;
					};
					A71C41792AC1CDF500858592 = {
						CreatedOnToolsVersion = 14.3;
					};
				};
			};
			buildConfigurationList = A71C41752AC1CDF500858592 /* Build configuration list for PBXProject "Luminary" */;
			compatibilityVersion = "Xcode 14.0";
			developmentRegion = en;
			hasScannedForEncodings = 0;
			knownRegions = (
				en,
				Base,
			);
			mainGroup = A71C41712AC1CDF500858592;
			productRefGroup = A71C417B2AC1CDF500858592 /* Products */;
			projectDirPath = "";
			projectRoot = "";
			targets = (
				A71C41792AC1CDF500858592 /* Luminary */,
				A703E3B62AC3D7D000A26B31 /* LuminaryIntents */,
				A703E3C22AC3D7D000A26B31 /* LuminaryIntentsUI */,
				A71098CF2AC7056D00E0E517 /* LuminaryWidgetExtension */,
			);
		};
/* End PBXProject section */

/* Begin PBXResourcesBuildPhase section */
		A703E3B52AC3D7D000A26B31 /* Resources */ = {
			isa = PBXResourcesBuildPhase;
			buildActionMask = 2147483647;
			files = (
			);
			runOnlyForDeploymentPostprocessing = 0;
		};
		A703E3C12AC3D7D000A26B31 /* Resources */ = {
			isa = PBXResourcesBuildPhase;
			buildActionMask = 2147483647;
			files = (
				A703E3CB2AC3D7D000A26B31 /* MainInterface.storyboard in Resources */,
			);
			runOnlyForDeploymentPostprocessing = 0;
		};
		A71098CE2AC7056D00E0E517 /* Resources */ = {
			isa = PBXResourcesBuildPhase;
			buildActionMask = 2147483647;
			files = (
				A71098E92AC705F400E0E517 /* Assets.xcassets in Resources */,
				A71098DE2AC7056E00E0E517 /* Assets.xcassets in Resources */,
				A71098EC2AC7082A00E0E517 /* Baskervville-Regular.ttf in Resources */,
			);
			runOnlyForDeploymentPostprocessing = 0;
		};
		A71C41782AC1CDF500858592 /* Resources */ = {
			isa = PBXResourcesBuildPhase;
			buildActionMask = 2147483647;
			files = (
				A71C41852AC1CDF600858592 /* Preview Assets.xcassets in Resources */,
				A77511C82AC3633200547B2E /* Baskervville-Regular.ttf in Resources */,
				A71C41822AC1CDF600858592 /* Assets.xcassets in Resources */,
				A77511C52AC3615800547B2E /* DMSerifDisplay-Regular.ttf in Resources */,
				A71098F22AC7124B00E0E517 /* LibreBaskerville-Bold.ttf in Resources */,
			);
			runOnlyForDeploymentPostprocessing = 0;
		};
/* End PBXResourcesBuildPhase section */

/* Begin PBXSourcesBuildPhase section */
		A703E3B32AC3D7D000A26B31 /* Sources */ = {
			isa = PBXSourcesBuildPhase;
			buildActionMask = 2147483647;
			files = (
				A70065E42AC5AA110010837F /* Colors.swift in Sources */,
				A70065D52AC4B9850010837F /* Persistence.swift in Sources */,
				A703E3DC2AC3D8AA00A26B31 /* Intents.intentdefinition in Sources */,
				A703E3E22AC4536300A26B31 /* AppIntent.swift in Sources */,
				A70065D12AC475810010837F /* CoreData.swift in Sources */,
				A703E3DF2AC4518C00A26B31 /* QuoteIntentHandler.swift in Sources */,
				A70065D32AC475A60010837F /* Luminary.xcdatamodeld in Sources */,
				A70065DF2AC4FE220010837F /* QuotesHelper.swift in Sources */,
				A703E3BD2AC3D7D000A26B31 /* IntentHandler.swift in Sources */,
			);
			runOnlyForDeploymentPostprocessing = 0;
		};
		A703E3BF2AC3D7D000A26B31 /* Sources */ = {
			isa = PBXSourcesBuildPhase;
			buildActionMask = 2147483647;
			files = (
				A70065E52AC5AA120010837F /* Colors.swift in Sources */,
				A78818712AD78C6D00CDA7AE /* WidgetExtension.swift in Sources */,
				A70065D42AC475AA0010837F /* Luminary.xcdatamodeld in Sources */,
				A703E3C82AC3D7D000A26B31 /* IntentViewController.swift in Sources */,
			);
			runOnlyForDeploymentPostprocessing = 0;
		};
		A71098CC2AC7056D00E0E517 /* Sources */ = {
			isa = PBXSourcesBuildPhase;
			buildActionMask = 2147483647;
			files = (
				A71098DB2AC7056D00E0E517 /* LuminaryWidget.swift in Sources */,
				A78818702AD78B9700CDA7AE /* WidgetExtension.swift in Sources */,
				A71098F62AC716BD00E0E517 /* Luminary.xcdatamodeld in Sources */,
				A7F2B3D52AD74FAC00A5B835 /* String.swift in Sources */,
				A71098EB2AC7061400E0E517 /* Colors.swift in Sources */,
				A71098E02AC7056E00E0E517 /* LuminaryWidget.intentdefinition in Sources */,
				A71098F72AC716C400E0E517 /* CoreData.swift in Sources */,
				A71098D92AC7056D00E0E517 /* LuminaryWidgetLiveActivity.swift in Sources */,
				A71098EA2AC7060400E0E517 /* QuotesHelper.swift in Sources */,
				A7F2B3CF2AD7484300A5B835 /* Fonts.swift in Sources */,
				A71098D72AC7056D00E0E517 /* LuminaryWidgetBundle.swift in Sources */,
			);
			runOnlyForDeploymentPostprocessing = 0;
		};
		A71C41762AC1CDF500858592 /* Sources */ = {
			isa = PBXSourcesBuildPhase;
			buildActionMask = 2147483647;
			files = (
				A7F2B3CE2AD7484300A5B835 /* Fonts.swift in Sources */,
				A703E3DB2AC3D8AA00A26B31 /* Intents.intentdefinition in Sources */,
				A71098F02AC70B9E00E0E517 /* LuminaryShortcuts.swift in Sources */,
				A703E3DE2AC4518C00A26B31 /* QuoteIntentHandler.swift in Sources */,
				A703E3E12AC4536300A26B31 /* AppIntent.swift in Sources */,
				A70065DE2AC4FE220010837F /* QuotesHelper.swift in Sources */,
				A71098EE2AC70AAF00E0E517 /* QuoteIntent.swift in Sources */,
				A71C41872AC1CDF600858592 /* Persistence.swift in Sources */,
				A70065D02AC4757F0010837F /* CoreData.swift in Sources */,
				A71098E12AC7056E00E0E517 /* LuminaryWidget.intentdefinition in Sources */,
				A77511C32AC35AAF00547B2E /* Colors.swift in Sources */,
				A71C41802AC1CDF500858592 /* ContentView.swift in Sources */,
				A71C418A2AC1CDF600858592 /* Luminary.xcdatamodeld in Sources */,
				A70065E12AC59EEA0010837F /* EditQuoteView.swift in Sources */,
				A7F2B3D42AD74FAC00A5B835 /* String.swift in Sources */,
				A71C41912AC1E4BF00858592 /* AddQuoteView.swift in Sources */,
				A71C417E2AC1CDF500858592 /* LuminaryApp.swift in Sources */,
			);
			runOnlyForDeploymentPostprocessing = 0;
		};
/* End PBXSourcesBuildPhase section */

/* Begin PBXTargetDependency section */
		A703E3CE2AC3D7D000A26B31 /* PBXTargetDependency */ = {
			isa = PBXTargetDependency;
			target = A703E3C22AC3D7D000A26B31 /* LuminaryIntentsUI */;
			targetProxy = A703E3CD2AC3D7D000A26B31 /* PBXContainerItemProxy */;
		};
		A703E3D12AC3D7D000A26B31 /* PBXTargetDependency */ = {
			isa = PBXTargetDependency;
			target = A703E3B62AC3D7D000A26B31 /* LuminaryIntents */;
			targetProxy = A703E3D02AC3D7D000A26B31 /* PBXContainerItemProxy */;
		};
		A71098E32AC7056E00E0E517 /* PBXTargetDependency */ = {
			isa = PBXTargetDependency;
			target = A71098CF2AC7056D00E0E517 /* LuminaryWidgetExtension */;
			targetProxy = A71098E22AC7056E00E0E517 /* PBXContainerItemProxy */;
		};
/* End PBXTargetDependency section */

/* Begin PBXVariantGroup section */
		A703E3C92AC3D7D000A26B31 /* MainInterface.storyboard */ = {
			isa = PBXVariantGroup;
			children = (
				A703E3CA2AC3D7D000A26B31 /* Base */,
			);
			name = MainInterface.storyboard;
			sourceTree = "<group>";
		};
/* End PBXVariantGroup section */

/* Begin XCBuildConfiguration section */
		A703E3D42AC3D7D000A26B31 /* Debug */ = {
			isa = XCBuildConfiguration;
			buildSettings = {
				CODE_SIGN_ENTITLEMENTS = LuminaryIntentsUI/LuminaryIntentsUI.entitlements;
				CODE_SIGN_STYLE = Automatic;
				CURRENT_PROJECT_VERSION = 1;
				DEVELOPMENT_TEAM = U6ZXY7569L;
				GENERATE_INFOPLIST_FILE = YES;
				INFOPLIST_FILE = LuminaryIntentsUI/Info.plist;
				INFOPLIST_KEY_CFBundleDisplayName = LuminaryIntentsUI;
				INFOPLIST_KEY_NSHumanReadableCopyright = "";
				LD_RUNPATH_SEARCH_PATHS = (
					"$(inherited)",
					"@executable_path/Frameworks",
					"@executable_path/../../Frameworks",
				);
				MARKETING_VERSION = 1.0;
				PRODUCT_BUNDLE_IDENTIFIER = com.andreaoquendo.TheLuminary.LuminaryIntentsUI;
				PRODUCT_NAME = "$(TARGET_NAME)";
				SKIP_INSTALL = YES;
				SUPPORTED_PLATFORMS = "iphoneos iphonesimulator";
				SUPPORTS_MACCATALYST = NO;
				SUPPORTS_MAC_DESIGNED_FOR_IPHONE_IPAD = YES;
				SWIFT_EMIT_LOC_STRINGS = YES;
				SWIFT_VERSION = 5.0;
				TARGETED_DEVICE_FAMILY = "1,2";
			};
			name = Debug;
		};
		A703E3D52AC3D7D000A26B31 /* Release */ = {
			isa = XCBuildConfiguration;
			buildSettings = {
				CODE_SIGN_ENTITLEMENTS = LuminaryIntentsUI/LuminaryIntentsUI.entitlements;
				CODE_SIGN_STYLE = Automatic;
				CURRENT_PROJECT_VERSION = 1;
				DEVELOPMENT_TEAM = U6ZXY7569L;
				GENERATE_INFOPLIST_FILE = YES;
				INFOPLIST_FILE = LuminaryIntentsUI/Info.plist;
				INFOPLIST_KEY_CFBundleDisplayName = LuminaryIntentsUI;
				INFOPLIST_KEY_NSHumanReadableCopyright = "";
				LD_RUNPATH_SEARCH_PATHS = (
					"$(inherited)",
					"@executable_path/Frameworks",
					"@executable_path/../../Frameworks",
				);
				MARKETING_VERSION = 1.0;
				PRODUCT_BUNDLE_IDENTIFIER = com.andreaoquendo.TheLuminary.LuminaryIntentsUI;
				PRODUCT_NAME = "$(TARGET_NAME)";
				SKIP_INSTALL = YES;
				SUPPORTED_PLATFORMS = "iphoneos iphonesimulator";
				SUPPORTS_MACCATALYST = NO;
				SUPPORTS_MAC_DESIGNED_FOR_IPHONE_IPAD = YES;
				SWIFT_EMIT_LOC_STRINGS = YES;
				SWIFT_VERSION = 5.0;
				TARGETED_DEVICE_FAMILY = "1,2";
			};
			name = Release;
		};
		A703E3D72AC3D7D000A26B31 /* Debug */ = {
			isa = XCBuildConfiguration;
			buildSettings = {
				CODE_SIGN_ENTITLEMENTS = LuminaryIntents/LuminaryIntents.entitlements;
				CODE_SIGN_STYLE = Automatic;
				CURRENT_PROJECT_VERSION = 1;
				DEVELOPMENT_TEAM = U6ZXY7569L;
				GENERATE_INFOPLIST_FILE = YES;
				INFOPLIST_FILE = LuminaryIntents/Info.plist;
				INFOPLIST_KEY_CFBundleDisplayName = LuminaryIntents;
				INFOPLIST_KEY_NSHumanReadableCopyright = "";
				LD_RUNPATH_SEARCH_PATHS = (
					"$(inherited)",
					"@executable_path/Frameworks",
					"@executable_path/../../Frameworks",
				);
				MARKETING_VERSION = 1.0;
				PRODUCT_BUNDLE_IDENTIFIER = com.andreaoquendo.TheLuminary.LuminaryIntents;
				PRODUCT_NAME = "$(TARGET_NAME)";
				SKIP_INSTALL = YES;
				SUPPORTED_PLATFORMS = "iphoneos iphonesimulator";
				SUPPORTS_MACCATALYST = NO;
				SUPPORTS_MAC_DESIGNED_FOR_IPHONE_IPAD = YES;
				SWIFT_EMIT_LOC_STRINGS = YES;
				SWIFT_VERSION = 5.0;
				TARGETED_DEVICE_FAMILY = "1,2";
			};
			name = Debug;
		};
		A703E3D82AC3D7D000A26B31 /* Release */ = {
			isa = XCBuildConfiguration;
			buildSettings = {
				CODE_SIGN_ENTITLEMENTS = LuminaryIntents/LuminaryIntents.entitlements;
				CODE_SIGN_STYLE = Automatic;
				CURRENT_PROJECT_VERSION = 1;
				DEVELOPMENT_TEAM = U6ZXY7569L;
				GENERATE_INFOPLIST_FILE = YES;
				INFOPLIST_FILE = LuminaryIntents/Info.plist;
				INFOPLIST_KEY_CFBundleDisplayName = LuminaryIntents;
				INFOPLIST_KEY_NSHumanReadableCopyright = "";
				LD_RUNPATH_SEARCH_PATHS = (
					"$(inherited)",
					"@executable_path/Frameworks",
					"@executable_path/../../Frameworks",
				);
				MARKETING_VERSION = 1.0;
				PRODUCT_BUNDLE_IDENTIFIER = com.andreaoquendo.TheLuminary.LuminaryIntents;
				PRODUCT_NAME = "$(TARGET_NAME)";
				SKIP_INSTALL = YES;
				SUPPORTED_PLATFORMS = "iphoneos iphonesimulator";
				SUPPORTS_MACCATALYST = NO;
				SUPPORTS_MAC_DESIGNED_FOR_IPHONE_IPAD = YES;
				SWIFT_EMIT_LOC_STRINGS = YES;
				SWIFT_VERSION = 5.0;
				TARGETED_DEVICE_FAMILY = "1,2";
			};
			name = Release;
		};
		A71098E52AC7056E00E0E517 /* Debug */ = {
			isa = XCBuildConfiguration;
			buildSettings = {
				ASSETCATALOG_COMPILER_GLOBAL_ACCENT_COLOR_NAME = AccentColor;
				ASSETCATALOG_COMPILER_WIDGET_BACKGROUND_COLOR_NAME = WidgetBackground;
				CODE_SIGN_ENTITLEMENTS = LuminaryWidgetExtension.entitlements;
				CODE_SIGN_STYLE = Automatic;
				CURRENT_PROJECT_VERSION = 1;
				DEVELOPMENT_TEAM = U6ZXY7569L;
				GENERATE_INFOPLIST_FILE = YES;
				INFOPLIST_FILE = LuminaryWidget/Info.plist;
				INFOPLIST_KEY_CFBundleDisplayName = LuminaryWidget;
				INFOPLIST_KEY_NSHumanReadableCopyright = "";
				LD_RUNPATH_SEARCH_PATHS = (
					"$(inherited)",
					"@executable_path/Frameworks",
					"@executable_path/../../Frameworks",
				);
				MARKETING_VERSION = 1.0;
				PRODUCT_BUNDLE_IDENTIFIER = com.andreaoquendo.TheLuminary.LuminaryWidget;
				PRODUCT_NAME = "$(TARGET_NAME)";
				SKIP_INSTALL = YES;
				SUPPORTED_PLATFORMS = "iphoneos iphonesimulator";
				SUPPORTS_MACCATALYST = NO;
				SUPPORTS_MAC_DESIGNED_FOR_IPHONE_IPAD = YES;
				SWIFT_EMIT_LOC_STRINGS = YES;
				SWIFT_VERSION = 5.0;
				TARGETED_DEVICE_FAMILY = "1,2";
			};
			name = Debug;
		};
		A71098E62AC7056E00E0E517 /* Release */ = {
			isa = XCBuildConfiguration;
			buildSettings = {
				ASSETCATALOG_COMPILER_GLOBAL_ACCENT_COLOR_NAME = AccentColor;
				ASSETCATALOG_COMPILER_WIDGET_BACKGROUND_COLOR_NAME = WidgetBackground;
				CODE_SIGN_ENTITLEMENTS = LuminaryWidgetExtension.entitlements;
				CODE_SIGN_STYLE = Automatic;
				CURRENT_PROJECT_VERSION = 1;
				DEVELOPMENT_TEAM = U6ZXY7569L;
				GENERATE_INFOPLIST_FILE = YES;
				INFOPLIST_FILE = LuminaryWidget/Info.plist;
				INFOPLIST_KEY_CFBundleDisplayName = LuminaryWidget;
				INFOPLIST_KEY_NSHumanReadableCopyright = "";
				LD_RUNPATH_SEARCH_PATHS = (
					"$(inherited)",
					"@executable_path/Frameworks",
					"@executable_path/../../Frameworks",
				);
				MARKETING_VERSION = 1.0;
				PRODUCT_BUNDLE_IDENTIFIER = com.andreaoquendo.TheLuminary.LuminaryWidget;
				PRODUCT_NAME = "$(TARGET_NAME)";
				SKIP_INSTALL = YES;
				SUPPORTED_PLATFORMS = "iphoneos iphonesimulator";
				SUPPORTS_MACCATALYST = NO;
				SUPPORTS_MAC_DESIGNED_FOR_IPHONE_IPAD = YES;
				SWIFT_EMIT_LOC_STRINGS = YES;
				SWIFT_VERSION = 5.0;
				TARGETED_DEVICE_FAMILY = "1,2";
			};
			name = Release;
		};
		A71C418B2AC1CDF600858592 /* Debug */ = {
			isa = XCBuildConfiguration;
			buildSettings = {
				ALWAYS_SEARCH_USER_PATHS = NO;
				CLANG_ANALYZER_NONNULL = YES;
				CLANG_ANALYZER_NUMBER_OBJECT_CONVERSION = YES_AGGRESSIVE;
				CLANG_CXX_LANGUAGE_STANDARD = "gnu++20";
				CLANG_ENABLE_MODULES = YES;
				CLANG_ENABLE_OBJC_ARC = YES;
				CLANG_ENABLE_OBJC_WEAK = YES;
				CLANG_WARN_BLOCK_CAPTURE_AUTORELEASING = YES;
				CLANG_WARN_BOOL_CONVERSION = YES;
				CLANG_WARN_COMMA = YES;
				CLANG_WARN_CONSTANT_CONVERSION = YES;
				CLANG_WARN_DEPRECATED_OBJC_IMPLEMENTATIONS = YES;
				CLANG_WARN_DIRECT_OBJC_ISA_USAGE = YES_ERROR;
				CLANG_WARN_DOCUMENTATION_COMMENTS = YES;
				CLANG_WARN_EMPTY_BODY = YES;
				CLANG_WARN_ENUM_CONVERSION = YES;
				CLANG_WARN_INFINITE_RECURSION = YES;
				CLANG_WARN_INT_CONVERSION = YES;
				CLANG_WARN_NON_LITERAL_NULL_CONVERSION = YES;
				CLANG_WARN_OBJC_IMPLICIT_RETAIN_SELF = YES;
				CLANG_WARN_OBJC_LITERAL_CONVERSION = YES;
				CLANG_WARN_OBJC_ROOT_CLASS = YES_ERROR;
				CLANG_WARN_QUOTED_INCLUDE_IN_FRAMEWORK_HEADER = YES;
				CLANG_WARN_RANGE_LOOP_ANALYSIS = YES;
				CLANG_WARN_STRICT_PROTOTYPES = YES;
				CLANG_WARN_SUSPICIOUS_MOVE = YES;
				CLANG_WARN_UNGUARDED_AVAILABILITY = YES_AGGRESSIVE;
				CLANG_WARN_UNREACHABLE_CODE = YES;
				CLANG_WARN__DUPLICATE_METHOD_MATCH = YES;
				COPY_PHASE_STRIP = NO;
				DEBUG_INFORMATION_FORMAT = dwarf;
				ENABLE_STRICT_OBJC_MSGSEND = YES;
				ENABLE_TESTABILITY = YES;
				GCC_C_LANGUAGE_STANDARD = gnu11;
				GCC_DYNAMIC_NO_PIC = NO;
				GCC_NO_COMMON_BLOCKS = YES;
				GCC_OPTIMIZATION_LEVEL = 0;
				GCC_PREPROCESSOR_DEFINITIONS = (
					"DEBUG=1",
					"$(inherited)",
				);
				GCC_WARN_64_TO_32_BIT_CONVERSION = YES;
				GCC_WARN_ABOUT_RETURN_TYPE = YES_ERROR;
				GCC_WARN_UNDECLARED_SELECTOR = YES;
				GCC_WARN_UNINITIALIZED_AUTOS = YES_AGGRESSIVE;
				GCC_WARN_UNUSED_FUNCTION = YES;
				GCC_WARN_UNUSED_VARIABLE = YES;
				IPHONEOS_DEPLOYMENT_TARGET = 16.4;
				MTL_ENABLE_DEBUG_INFO = INCLUDE_SOURCE;
				MTL_FAST_MATH = YES;
				ONLY_ACTIVE_ARCH = YES;
				SDKROOT = iphoneos;
				SWIFT_ACTIVE_COMPILATION_CONDITIONS = DEBUG;
				SWIFT_OPTIMIZATION_LEVEL = "-Onone";
			};
			name = Debug;
		};
		A71C418C2AC1CDF600858592 /* Release */ = {
			isa = XCBuildConfiguration;
			buildSettings = {
				ALWAYS_SEARCH_USER_PATHS = NO;
				CLANG_ANALYZER_NONNULL = YES;
				CLANG_ANALYZER_NUMBER_OBJECT_CONVERSION = YES_AGGRESSIVE;
				CLANG_CXX_LANGUAGE_STANDARD = "gnu++20";
				CLANG_ENABLE_MODULES = YES;
				CLANG_ENABLE_OBJC_ARC = YES;
				CLANG_ENABLE_OBJC_WEAK = YES;
				CLANG_WARN_BLOCK_CAPTURE_AUTORELEASING = YES;
				CLANG_WARN_BOOL_CONVERSION = YES;
				CLANG_WARN_COMMA = YES;
				CLANG_WARN_CONSTANT_CONVERSION = YES;
				CLANG_WARN_DEPRECATED_OBJC_IMPLEMENTATIONS = YES;
				CLANG_WARN_DIRECT_OBJC_ISA_USAGE = YES_ERROR;
				CLANG_WARN_DOCUMENTATION_COMMENTS = YES;
				CLANG_WARN_EMPTY_BODY = YES;
				CLANG_WARN_ENUM_CONVERSION = YES;
				CLANG_WARN_INFINITE_RECURSION = YES;
				CLANG_WARN_INT_CONVERSION = YES;
				CLANG_WARN_NON_LITERAL_NULL_CONVERSION = YES;
				CLANG_WARN_OBJC_IMPLICIT_RETAIN_SELF = YES;
				CLANG_WARN_OBJC_LITERAL_CONVERSION = YES;
				CLANG_WARN_OBJC_ROOT_CLASS = YES_ERROR;
				CLANG_WARN_QUOTED_INCLUDE_IN_FRAMEWORK_HEADER = YES;
				CLANG_WARN_RANGE_LOOP_ANALYSIS = YES;
				CLANG_WARN_STRICT_PROTOTYPES = YES;
				CLANG_WARN_SUSPICIOUS_MOVE = YES;
				CLANG_WARN_UNGUARDED_AVAILABILITY = YES_AGGRESSIVE;
				CLANG_WARN_UNREACHABLE_CODE = YES;
				CLANG_WARN__DUPLICATE_METHOD_MATCH = YES;
				COPY_PHASE_STRIP = NO;
				DEBUG_INFORMATION_FORMAT = "dwarf-with-dsym";
				ENABLE_NS_ASSERTIONS = NO;
				ENABLE_STRICT_OBJC_MSGSEND = YES;
				GCC_C_LANGUAGE_STANDARD = gnu11;
				GCC_NO_COMMON_BLOCKS = YES;
				GCC_WARN_64_TO_32_BIT_CONVERSION = YES;
				GCC_WARN_ABOUT_RETURN_TYPE = YES_ERROR;
				GCC_WARN_UNDECLARED_SELECTOR = YES;
				GCC_WARN_UNINITIALIZED_AUTOS = YES_AGGRESSIVE;
				GCC_WARN_UNUSED_FUNCTION = YES;
				GCC_WARN_UNUSED_VARIABLE = YES;
				IPHONEOS_DEPLOYMENT_TARGET = 16.4;
				MTL_ENABLE_DEBUG_INFO = NO;
				MTL_FAST_MATH = YES;
				SDKROOT = iphoneos;
				SWIFT_COMPILATION_MODE = wholemodule;
				SWIFT_OPTIMIZATION_LEVEL = "-O";
				VALIDATE_PRODUCT = YES;
			};
			name = Release;
		};
		A71C418E2AC1CDF600858592 /* Debug */ = {
			isa = XCBuildConfiguration;
			buildSettings = {
				ALWAYS_EMBED_SWIFT_STANDARD_LIBRARIES = YES;
				ASSETCATALOG_COMPILER_APPICON_NAME = AppIcon;
				ASSETCATALOG_COMPILER_GLOBAL_ACCENT_COLOR_NAME = AccentColor;
				CODE_SIGN_ENTITLEMENTS = Luminary/Luminary.entitlements;
				CODE_SIGN_STYLE = Automatic;
				CURRENT_PROJECT_VERSION = 2;
				DEVELOPMENT_ASSET_PATHS = "\"Luminary/Preview Content\"";
				DEVELOPMENT_TEAM = U6ZXY7569L;
				ENABLE_PREVIEWS = YES;
				GENERATE_INFOPLIST_FILE = YES;
				INFOPLIST_FILE = Luminary/Info.plist;
				INFOPLIST_KEY_CFBundleDisplayName = Lumy;
				INFOPLIST_KEY_LSApplicationCategoryType = "public.app-category.books";
				INFOPLIST_KEY_NSSiriUsageDescription = "Use for adding quotes.";
				INFOPLIST_KEY_UIApplicationSceneManifest_Generation = YES;
				INFOPLIST_KEY_UIApplicationSupportsIndirectInputEvents = YES;
				INFOPLIST_KEY_UILaunchScreen_Generation = YES;
				INFOPLIST_KEY_UIStatusBarStyle = "";
				INFOPLIST_KEY_UISupportedInterfaceOrientations = UIInterfaceOrientationPortrait;
				INFOPLIST_KEY_UISupportedInterfaceOrientations_iPad = "UIInterfaceOrientationLandscapeLeft UIInterfaceOrientationLandscapeRight UIInterfaceOrientationPortrait UIInterfaceOrientationPortraitUpsideDown";
				LD_RUNPATH_SEARCH_PATHS = (
					"$(inherited)",
					"@executable_path/Frameworks",
				);
				MARKETING_VERSION = 1.0.1;
				PRODUCT_BUNDLE_IDENTIFIER = com.andreaoquendo.TheLuminary;
				PRODUCT_NAME = "$(TARGET_NAME)";
				SUPPORTED_PLATFORMS = "iphoneos iphonesimulator";
				SUPPORTS_MACCATALYST = NO;
				SUPPORTS_MAC_DESIGNED_FOR_IPHONE_IPAD = YES;
				SWIFT_EMIT_LOC_STRINGS = YES;
				SWIFT_VERSION = 5.0;
				TARGETED_DEVICE_FAMILY = "1,2";
			};
			name = Debug;
		};
		A71C418F2AC1CDF600858592 /* Release */ = {
			isa = XCBuildConfiguration;
			buildSettings = {
				ALWAYS_EMBED_SWIFT_STANDARD_LIBRARIES = YES;
				ASSETCATALOG_COMPILER_APPICON_NAME = AppIcon;
				ASSETCATALOG_COMPILER_GLOBAL_ACCENT_COLOR_NAME = AccentColor;
				CODE_SIGN_ENTITLEMENTS = Luminary/Luminary.entitlements;
				CODE_SIGN_STYLE = Automatic;
				CURRENT_PROJECT_VERSION = 2;
				DEVELOPMENT_ASSET_PATHS = "\"Luminary/Preview Content\"";
				DEVELOPMENT_TEAM = U6ZXY7569L;
				ENABLE_PREVIEWS = YES;
				GENERATE_INFOPLIST_FILE = YES;
				INFOPLIST_FILE = Luminary/Info.plist;
				INFOPLIST_KEY_CFBundleDisplayName = Lumy;
				INFOPLIST_KEY_LSApplicationCategoryType = "public.app-category.books";
				INFOPLIST_KEY_NSSiriUsageDescription = "Use for adding quotes.";
				INFOPLIST_KEY_UIApplicationSceneManifest_Generation = YES;
				INFOPLIST_KEY_UIApplicationSupportsIndirectInputEvents = YES;
				INFOPLIST_KEY_UILaunchScreen_Generation = YES;
				INFOPLIST_KEY_UIStatusBarStyle = "";
				INFOPLIST_KEY_UISupportedInterfaceOrientations = UIInterfaceOrientationPortrait;
				INFOPLIST_KEY_UISupportedInterfaceOrientations_iPad = "UIInterfaceOrientationLandscapeLeft UIInterfaceOrientationLandscapeRight UIInterfaceOrientationPortrait UIInterfaceOrientationPortraitUpsideDown";
				LD_RUNPATH_SEARCH_PATHS = (
					"$(inherited)",
					"@executable_path/Frameworks",
				);
				MARKETING_VERSION = 1.0.1;
				PRODUCT_BUNDLE_IDENTIFIER = com.andreaoquendo.TheLuminary;
				PRODUCT_NAME = "$(TARGET_NAME)";
				SUPPORTED_PLATFORMS = "iphoneos iphonesimulator";
				SUPPORTS_MACCATALYST = NO;
				SUPPORTS_MAC_DESIGNED_FOR_IPHONE_IPAD = YES;
				SWIFT_EMIT_LOC_STRINGS = YES;
				SWIFT_VERSION = 5.0;
				TARGETED_DEVICE_FAMILY = "1,2";
			};
			name = Release;
		};
/* End XCBuildConfiguration section */

/* Begin XCConfigurationList section */
		A703E3D32AC3D7D000A26B31 /* Build configuration list for PBXNativeTarget "LuminaryIntentsUI" */ = {
			isa = XCConfigurationList;
			buildConfigurations = (
				A703E3D42AC3D7D000A26B31 /* Debug */,
				A703E3D52AC3D7D000A26B31 /* Release */,
			);
			defaultConfigurationIsVisible = 0;
			defaultConfigurationName = Release;
		};
		A703E3D62AC3D7D000A26B31 /* Build configuration list for PBXNativeTarget "LuminaryIntents" */ = {
			isa = XCConfigurationList;
			buildConfigurations = (
				A703E3D72AC3D7D000A26B31 /* Debug */,
				A703E3D82AC3D7D000A26B31 /* Release */,
			);
			defaultConfigurationIsVisible = 0;
			defaultConfigurationName = Release;
		};
		A71098E72AC7056E00E0E517 /* Build configuration list for PBXNativeTarget "LuminaryWidgetExtension" */ = {
			isa = XCConfigurationList;
			buildConfigurations = (
				A71098E52AC7056E00E0E517 /* Debug */,
				A71098E62AC7056E00E0E517 /* Release */,
			);
			defaultConfigurationIsVisible = 0;
			defaultConfigurationName = Release;
		};
		A71C41752AC1CDF500858592 /* Build configuration list for PBXProject "Luminary" */ = {
			isa = XCConfigurationList;
			buildConfigurations = (
				A71C418B2AC1CDF600858592 /* Debug */,
				A71C418C2AC1CDF600858592 /* Release */,
			);
			defaultConfigurationIsVisible = 0;
			defaultConfigurationName = Release;
		};
		A71C418D2AC1CDF600858592 /* Build configuration list for PBXNativeTarget "Luminary" */ = {
			isa = XCConfigurationList;
			buildConfigurations = (
				A71C418E2AC1CDF600858592 /* Debug */,
				A71C418F2AC1CDF600858592 /* Release */,
			);
			defaultConfigurationIsVisible = 0;
			defaultConfigurationName = Release;
		};
/* End XCConfigurationList section */

/* Begin XCVersionGroup section */
		A71C41882AC1CDF600858592 /* Luminary.xcdatamodeld */ = {
			isa = XCVersionGroup;
			children = (
				A71C41892AC1CDF600858592 /* Luminary.xcdatamodel */,
			);
			currentVersion = A71C41892AC1CDF600858592 /* Luminary.xcdatamodel */;
			path = Luminary.xcdatamodeld;
			sourceTree = "<group>";
			versionGroupType = wrapper.xcdatamodel;
		};
/* End XCVersionGroup section */
	};
	rootObject = A71C41722AC1CDF500858592 /* Project object */;
}
